{
  "nodes": {
    "darwin": {
      "inputs": {
        "nixpkgs": [
          "nixpkgs"
        ]
      },
      "locked": {
        "lastModified": 1622060422,
        "narHash": "sha256-hPVlvrAyf6zL7tTx0lpK+tMxEfZeMiIZ/A2xaJ41WOY=",
        "owner": "lnl7",
        "repo": "nix-darwin",
        "rev": "007d700e644ac588ad6668e6439950a5b6e2ff64",
        "type": "github"
      },
      "original": {
        "owner": "lnl7",
        "ref": "master",
        "repo": "nix-darwin",
        "type": "github"
      }
    },
    "emacsOverlay": {
      "locked": {
        "lastModified": 1623894535,
        "narHash": "sha256-kpHGhtOx84xHVdvMLDhGeuWJjnDzCA1JDYIQNQqZTtY=",
        "owner": "nix-community",
        "repo": "emacs-overlay",
        "rev": "f6768d390c0c6033735a7538150131fea8518ad6",
        "type": "github"
      },
      "original": {
        "owner": "nix-community",
        "repo": "emacs-overlay",
        "rev": "f6768d390c0c6033735a7538150131fea8518ad6",
        "type": "github"
      }
    },
    "homeManager": {
      "inputs": {
        "nixpkgs": [
          "nixpkgs"
        ]
      },
      "locked": {
        "lastModified": 1627158444,
        "narHash": "sha256-+C0SqhyQQplhcmWl681ODGNWUng8Wp1yvC/MdI1Q7hY=",
        "owner": "nix-community",
        "repo": "home-manager",
        "rev": "9c0abed5228d54aad120b4bc757b6f5935aeda1c",
        "type": "github"
      },
      "original": {
        "owner": "nix-community",
        "ref": "release-21.05",
        "repo": "home-manager",
        "type": "github"
      }
    },
    "nixpkgs": {
      "locked": {
        "lastModified": 1627170405,
        "narHash": "sha256-6t7ISnt0Iqc2jxIf5+/su6eFmZNWnPAOA1JeOv9lLRE=",
        "owner": "NixOS",
        "repo": "nixpkgs",
        "rev": "ecaf3da9340231e5493eccc3db87604a3705da42",
        "type": "github"
      },
      "original": {
        "owner": "NixOS",
        "ref": "nixpkgs-unstable",
        "repo": "nixpkgs",
        "type": "github"
      }
    },
    "root": {
      "inputs": {
        "darwin": "darwin",
        "emacsOverlay": "emacsOverlay",
        "homeManager": "homeManager",
        "nixpkgs": "nixpkgs"
      }
    }
  },
  "root": "root",
  "version": 7
}
