{
  "nodes": {
    "emacs": {
      "locked": {
        "lastModified": 1609691039,
        "narHash": "sha256-D8XxSBJ/FgUozgyqilSxq+AT7re9NOOOY/LlLK91JmA=",
        "owner": "nix-community",
        "repo": "emacs-overlay",
        "rev": "6e3544b73afea08d1428b159b2a57dc9d1724493",
        "type": "github"
      },
      "original": {
        "owner": "nix-community",
        "repo": "emacs-overlay",
        "type": "github"
      }
    },
    "homeManager": {
      "inputs": {
        "nixpkgs": [
          "nixpkgs"
        ]
      },
      "locked": {
        "lastModified": 1609010567,
        "narHash": "sha256-N6WslRAtrvCPCpQnxQqo+VlSivX/KylL9Xy/OZr0kMg=",
        "owner": "nix-community",
        "repo": "home-manager",
        "rev": "22f6736e628958f05222ddaadd7df7818fe8f59d",
        "type": "github"
      },
      "original": {
        "owner": "nix-community",
        "ref": "release-20.09",
        "repo": "home-manager",
        "type": "github"
      }
    },
    "nixpkgs": {
      "locked": {
        "lastModified": 1609574679,
        "narHash": "sha256-PiNoISdoXCtRjdHapgDOwOYxaAdtRTked90hubk+x0Q=",
        "owner": "NixOS",
        "repo": "nixpkgs",
        "rev": "2080afd039999a58d60596d04cefb32ef5fcc2a2",
        "type": "github"
      },
      "original": {
        "owner": "NixOS",
        "ref": "nixpkgs-unstable",
        "repo": "nixpkgs",
        "type": "github"
      }
    },
    "root": {
      "inputs": {
        "emacs": "emacs",
        "homeManager": "homeManager",
        "nixpkgs": "nixpkgs"
      }
    }
  },
  "root": "root",
  "version": 7
}
